{
  "name": "lambda",
  "version": "1.0.0",
  "lockfileVersion": 1,
  "requires": true,
  "dependencies": {
    "@socket.io/component-emitter": {
      "version": "3.1.0",
      "resolved": "https://registry.npmjs.org/@socket.io/component-emitter/-/component-emitter-3.1.0.tgz",
      "integrity": "sha512-+9jVqKhRSpsc591z5vX+X5Yyw+he/HCB4iQ/RYxw35CEPaY1gnsNE43nf9n9AaYjAQrTiI/mOwKUKdUs9vf7Xg=="
    },
    "@socket.io/redis-emitter": {
      "version": "5.1.0",
      "resolved": "https://registry.npmjs.org/@socket.io/redis-emitter/-/redis-emitter-5.1.0.tgz",
      "integrity": "sha512-QQUFPBq6JX7JIuM/X1811ymKlAfwufnQ8w6G2/59Jaqp09hdF1GJ/+e8eo/XdcmT0TqkvcSa2TT98ggTXa5QYw==",
      "requires": {
        "debug": "~4.3.1",
        "notepack.io": "~3.0.1",
        "socket.io-parser": "~4.2.1"
      },
      "dependencies": {
        "debug": {
          "version": "4.3.4",
          "resolved": "https://registry.npmjs.org/debug/-/debug-4.3.4.tgz",
          "integrity": "sha512-PRWFHuSU3eDtQJPvnNY7Jcket1j0t5OuOsFzPPzsekD52Zl8qUfFIPEiswXqIvHWGVHOgX+7G/vCNNhehwxfkQ==",
          "requires": {
            "ms": "2.1.2"
          }
        },
        "socket.io-parser": {
          "version": "4.2.2",
          "resolved": "https://registry.npmjs.org/socket.io-parser/-/socket.io-parser-4.2.2.tgz",
          "integrity": "sha512-DJtziuKypFkMMHCm2uIshOYC7QaylbtzQwiMYDuCKy3OPkjLzu4B2vAhTlqipRHHzrI0NJeBAizTK7X+6m1jVw==",
          "requires": {
            "@socket.io/component-emitter": "~3.1.0",
            "debug": "~4.3.1"
          }
        }
      }
    },
    "base64-js": {
      "version": "0.0.2",
      "resolved": "https://registry.npmjs.org/base64-js/-/base64-js-0.0.2.tgz",
      "integrity": "sha512-Pj9L87dCdGcKlSqPVUjD+q96pbIx1zQQLb2CUiWURfjiBELv84YX+0nGnKmyT/9KkC7PQk7UN1w+Al8bBozaxQ=="
    },
    "bops": {
      "version": "0.0.7",
      "resolved": "https://registry.npmjs.org/bops/-/bops-0.0.7.tgz",
      "integrity": "sha512-oF8JFj2vZoTTzbS4haaB/37vqoJbZXxPBWmNdFONu3dUBW+zp7JcoIIYYd1r+4/YwFM8QUSR1u4rrPbtcdHsRg==",
      "requires": {
        "base64-js": "0.0.2",
        "to-utf8": "0.0.1"
      }
    },
    "debug": {
      "version": "0.7.4",
      "resolved": "https://registry.npmjs.org/debug/-/debug-0.7.4.tgz",
      "integrity": "sha512-EohAb3+DSHSGx8carOSKJe8G0ayV5/i609OD0J2orCkuyae7SyZSz2aoLmQF2s0Pj5gITDebwPH7GFBlqOUQ1Q=="
    },
    "emitter": {
      "version": "http://github.com/component/emitter/archive/1.0.1.tar.gz",
      "integrity": "sha512-k3Da+QreMb9waaGCHNAHox5QqxnZEYlQmvIVYwQibrI6OpIRyIIyFGgDV5dXRLr1AJ32JLqEh0VxQEq20dFskw==",
      "requires": {
        "indexof": "0.0.1"
      }
    },
    "has-binary-data": {
      "version": "0.1.1",
      "resolved": "https://registry.npmjs.org/has-binary-data/-/has-binary-data-0.1.1.tgz",
      "integrity": "sha512-XqIrqIgPlA2gxvHKudDsLJt8Xu8B4DvkHyUWGmLWYOAO0rFOL94Ds4NSveSZ1fCjWX22tQgIiRpDKAETex8GCQ==",
      "requires": {
        "isarray": "0.0.1"
      }
    },
    "indexof": {
      "version": "0.0.1",
      "resolved": "https://registry.npmjs.org/indexof/-/indexof-0.0.1.tgz",
      "integrity": "sha512-i0G7hLJ1z0DE8dsqJa2rycj9dBmNKgXBvotXtZYXakU9oivfB9Uj2ZBC27qqef2U58/ZLwalxa1X/RDCdkHtVg=="
    },
    "isarray": {
      "version": "0.0.1",
      "resolved": "https://registry.npmjs.org/isarray/-/isarray-0.0.1.tgz",
      "integrity": "sha512-D2S+3GLxWH+uhrNEcoh/fnmYeP8E8/zHl644d/jdA0g2uyXvy3sb0qxotE+ne0LtccHknQzWwZEzhak7oJ0COQ=="
    },
    "json3": {
      "version": "3.2.6",
      "resolved": "https://registry.npmjs.org/json3/-/json3-3.2.6.tgz",
      "integrity": "sha512-KA+GHhYTLTo7Ri4DyjwUgW8kn98AYtVZtBC94qL5yD0ZSYct8/eF8qBmTNyk+gPE578bKeIL4WBq+MUyd1I26g=="
    },
    "ms": {
      "version": "2.1.2",
      "resolved": "https://registry.npmjs.org/ms/-/ms-2.1.2.tgz",
      "integrity": "sha512-sGkPx+VjMtmA6MX27oA4FBFELFCZZ4S4XqeGOXCv68tT+jb3vk/RyaKWP0PTKyWtmLSM0b+adUTEvbs1PEaH2w=="
    },
    "msgpack-js": {
      "version": "0.3.0",
      "resolved": "https://registry.npmjs.org/msgpack-js/-/msgpack-js-0.3.0.tgz",
      "integrity": "sha512-dBIO+q0IAtZMeTn8K1gr0NuM0OvXEV97NwFsJQKzJ/qkQI9d5MN7Vc++TAUkIxaoIMJyIgMByOAwoJO2wdYDrA==",
      "requires": {
        "bops": "~0.0.6"
      }
    },
    "notepack.io": {
      "version": "3.0.1",
      "resolved": "https://registry.npmjs.org/notepack.io/-/notepack.io-3.0.1.tgz",
      "integrity": "sha512-TKC/8zH5pXIAMVQio2TvVDTtPRX+DJPHDqjRbxogtFiByHyzKmy96RA0JtCQJ+WouyyL4A10xomQzgbUT+1jCg=="
    },
    "redis": {
      "version": "0.10.1",
      "resolved": "https://registry.npmjs.org/redis/-/redis-0.10.1.tgz",
      "integrity": "sha512-hPG+4OPVoS8mR+1YdMOJyB4O9qp1sls78Ajxn6U7RXwSnJmNDsw6qXTyKfW6DWUjv/Ml80/XvivVlzOTISZL7g=="
    },
    "socket.io-emitter": {
      "version": "git+https://github.com/jlc467/socket.io-emitter.git#5d631949645f7cd5cda09b45a543d3452cce2f5d",
      "from": "git+https://github.com/jlc467/socket.io-emitter.git",
      "requires": {
        "debug": "0.7.4",
        "has-binary-data": "0.1.1",
        "msgpack-js": "0.3.0",
        "redis": "0.10.1",
        "socket.io-parser": "2.2.0"
      }
    },
    "socket.io-parser": {
      "version": "2.2.0",
      "resolved": "https://registry.npmjs.org/socket.io-parser/-/socket.io-parser-2.2.0.tgz",
      "integrity": "sha512-uW3UiLVibAyleKq8r/yZe1oPO51olhY18T6HtnN0iI6RLqJfYC0YiyAFlsPw1+8I0Z1qFd8jFLTRZo2vr6ISxA==",
      "requires": {
        "debug": "0.7.4",
        "emitter": "http://github.com/component/emitter/archive/1.0.1.tar.gz",
        "isarray": "0.0.1",
        "json3": "3.2.6"
      }
    },
    "to-utf8": {
      "version": "0.0.1",
      "resolved": "https://registry.npmjs.org/to-utf8/-/to-utf8-0.0.1.tgz",
      "integrity": "sha512-zks18/TWT1iHO3v0vFp5qLKOG27m67ycq/Y7a7cTiRuUNlc4gf3HGnkRgMv0NyhnfTamtkYBJl+YeD1/j07gBQ=="
    }
  }
}
